
Microsoft Visual Studio Solution File, Format Version 12.00
# Visual Studio Version 17
VisualStudioVersion = 17.5.002.0
MinimumVisualStudioVersion = 10.0.40219.1
Project("{2150E333-8FDC-42A3-9474-1A3956D46DE8}") = "C#", "C#", "{8EF09A58-288B-429D-863E-9AF3952C7886}"
EndProject
Project("{9A19103F-16F7-4668-BE54-9A1E7A4F7556}") = "Hello.NET!", "C#\firstC#\Hello.NET!.csproj", "{EB846909-0A9B-4E72-ABA7-9FD66D4E5BDD}"
EndProject
Project("{2150E333-8FDC-42A3-9474-1A3956D46DE8}") = "ASP.NET_Core", "ASP.NET_Core", "{370A6E82-7944-492B-BA9D-72081E32B078}"
EndProject
Project("{9A19103F-16F7-4668-BE54-9A1E7A4F7556}") = "Dojo_Survey", "C#\ASP.NET_Core\Dojo_Survey\Dojo_Survey.csproj", "{92DCB293-FEB9-452A-AAA5-A32F898FED6E}"
EndProject
Project("{9A19103F-16F7-4668-BE54-9A1E7A4F7556}") = "Portfolio_I", "C#\ASP.NET_Core\Portfolio_I\Portfolio_I.csproj", "{2B07DE0A-500A-4B36-A72D-E04EA22039D7}"
EndProject
Project("{9A19103F-16F7-4668-BE54-9A1E7A4F7556}") = "Portfolio_II", "C#\ASP.NET_Core\Portfolio_II\Portfolio_II.csproj", "{44CA9E3D-9D2A-46E8-96AA-F1494CB0BE19}"
EndProject
Project("{2150E333-8FDC-42A3-9474-1A3956D46DE8}") = "ASP_MVC_II", "ASP_MVC_II", "{19A85245-EC20-4BC5-BD36-B69586F8AD8F}"
EndProject
Project("{9A19103F-16F7-4668-BE54-9A1E7A4F7556}") = "Dojo_Survey", "C#\ASP_MVC_II\Dojo_Survey_with_Models\Dojo_Survey.csproj", "{76C9FAEB-E7BB-417A-9A24-E25613EC7ED7}"
EndProject
Project("{9A19103F-16F7-4668-BE54-9A1E7A4F7556}") = "Dojo_Survey (1)", "C#\ASP_MVC_II\Dojo_Survey_with_Validations\Dojo_Survey.csproj", "{B530CE55-F2D1-4213-B99B-3FC2CE1808D5}"
EndProject
Project("{9A19103F-16F7-4668-BE54-9A1E7A4F7556}") = "Session_Workshop", "C#\ASP_MVC_II\Session_Workshop\Session_Workshop.csproj", "{6299C92D-7310-4FC1-A3DF-BA5D182A8BF1}"
EndProject
Project("{2150E333-8FDC-42A3-9474-1A3956D46DE8}") = "C#_Fundamentals", "C#_Fundamentals", "{D9B9AA2D-2A29-4D13-AAF9-884CC6D3CE63}"
EndProject
Project("{9A19103F-16F7-4668-BE54-9A1E7A4F7556}") = "Fundamentals", "C#\C#_Fundamentals\Fundamentals\Fundamentals.csproj", "{E78FC6E4-CD27-44F8-B705-7EB18645D625}"
EndProject
Project("{9A19103F-16F7-4668-BE54-9A1E7A4F7556}") = "Fundamentals3", "C#\C#_Fundamentals\Fundamentals3\Fundamentals3.csproj", "{49CD72FF-DD75-4937-9EA5-D9BBD30D2AD4}"
EndProject
Project("{2150E333-8FDC-42A3-9474-1A3956D46DE8}") = "C#_OOP", "C#_OOP", "{7E01CE71-068E-4192-AE42-CFF1FC8F0138}"
EndProject
Project("{9A19103F-16F7-4668-BE54-9A1E7A4F7556}") = "Game_Developer_I", "C#\C#_OOP\Game_Developer_I\Game_Developer_I.csproj", "{608A13F4-E3A8-4523-A4F9-80C63624244F}"
EndProject
Project("{9A19103F-16F7-4668-BE54-9A1E7A4F7556}") = "Game_Developer_II", "C#\C#_OOP\Game_Developer_II\Game_Developer_II.csproj", "{628E56DC-1636-4191-A0D0-CC1FD6690A50}"
EndProject
Project("{2150E333-8FDC-42A3-9474-1A3956D46DE8}") = "C#_TestApp", "C#_TestApp", "{5E531A60-F9F0-4F59-81BF-AC107FE918B6}"
EndProject
Project("{9A19103F-16F7-4668-BE54-9A1E7A4F7556}") = "CounterApp", "C#\C#_TestApp\CounterApp\CounterApp.csproj", "{569C7E4E-E878-424A-8FB6-E0FB31E51A0A}"
EndProject
Project("{2150E333-8FDC-42A3-9474-1A3956D46DE8}") = "ORMs", "ORMs", "{25B33EDD-F866-4154-8A8D-4B60D5DF42DB}"
EndProject
Project("{2150E333-8FDC-42A3-9474-1A3956D46DE8}") = "Belt_Prep", "Belt_Prep", "{12EB240C-6C5A-4514-AB60-3002F0A2311D}"
EndProject
Project("{9A19103F-16F7-4668-BE54-9A1E7A4F7556}") = "Wedding_Planner", "C#\ORMs\Belt_Prep\Wedding_Planner\Wedding_Planner.csproj", "{306DC800-A330-4F60-AA6D-C63CECA890C1}"
EndProject
Project("{2150E333-8FDC-42A3-9474-1A3956D46DE8}") = "Entity_Framework", "Entity_Framework", "{CB0F542E-EA63-42BC-98E0-8AE4EC7E9D48}"
EndProject
Project("{9A19103F-16F7-4668-BE54-9A1E7A4F7556}") = "CRUDelicious", "C#\ORMs\Entity_Framework\CRUDelicious\CRUDelicious.csproj", "{86F2D62A-8DD7-4205-B53D-7CA07F3A2F44}"
EndProject
Project("{9A19103F-16F7-4668-BE54-9A1E7A4F7556}") = "LoginRegistration", "C#\ORMs\Entity_Framework\LoginRegistration\LoginRegistration.csproj", "{5E01A251-9203-4544-B76D-13B3F59E1DC4}"
EndProject
Project("{9A19103F-16F7-4668-BE54-9A1E7A4F7556}") = "Products_and_Categories", "C#\ORMs\Entity_Framework\Products_and_Categories\Products_and_Categories.csproj", "{4DE792C5-6CA5-438F-822F-038E446F567F}"
EndProject
Project("{2150E333-8FDC-42A3-9474-1A3956D46DE8}") = "Exam", "Exam", "{E0B82AFF-14A6-41F3-90CA-6DE24C1AA6CD}"
EndProject
Project("{9A19103F-16F7-4668-BE54-9A1E7A4F7556}") = "ActivityCenter", "C#\ORMs\Exam\ActivityCenter\ActivityCenter.csproj", "{5A21E14E-DBFD-4B15-9F16-4F8C6ECA4E05}"
EndProject
Project("{9A19103F-16F7-4668-BE54-9A1E7A4F7556}") = "ArtStagram", "C#\ORMs\Exam\ArtStagram\ArtStagram.csproj", "{772FC62B-D49A-4AE9-9005-7AA7EC89EE6E}"
EndProject
Project("{2150E333-8FDC-42A3-9474-1A3956D46DE8}") = "LINQ", "LINQ", "{08BDE742-19EF-401B-AAE3-60105AAE79EC}"
EndProject
Project("{9A19103F-16F7-4668-BE54-9A1E7A4F7556}") = "LINQ_Eruption", "C#\ORMs\LINQ\LINQ_Eruption\LINQ_Eruption.csproj", "{4E90185E-DA7F-423C-8FCD-754D0C0F961A}"
EndProject
Project("{2150E333-8FDC-42A3-9474-1A3956D46DE8}") = "ChefsNDishes", "ChefsNDishes", "{770B74A7-6C12-4994-B7B9-88E369521264}"
EndProject
Project("{9A19103F-16F7-4668-BE54-9A1E7A4F7556}") = "LoginRegistration", "C#\ORMs\Entity_Framework\ChefsNDishes\LoginRegistration\LoginRegistration.csproj", "{E962FFBD-FB2B-4426-963C-4E4D4B7A87B5}"
EndProject
Global
	GlobalSection(SolutionConfigurationPlatforms) = preSolution
		Debug|Any CPU = Debug|Any CPU
		Release|Any CPU = Release|Any CPU
	EndGlobalSection
	GlobalSection(ProjectConfigurationPlatforms) = postSolution
		{EB846909-0A9B-4E72-ABA7-9FD66D4E5BDD}.Debug|Any CPU.ActiveCfg = Debug|Any CPU
		{EB846909-0A9B-4E72-ABA7-9FD66D4E5BDD}.Debug|Any CPU.Build.0 = Debug|Any CPU
		{EB846909-0A9B-4E72-ABA7-9FD66D4E5BDD}.Release|Any CPU.ActiveCfg = Release|Any CPU
		{EB846909-0A9B-4E72-ABA7-9FD66D4E5BDD}.Release|Any CPU.Build.0 = Release|Any CPU
		{92DCB293-FEB9-452A-AAA5-A32F898FED6E}.Debug|Any CPU.ActiveCfg = Debug|Any CPU
		{92DCB293-FEB9-452A-AAA5-A32F898FED6E}.Debug|Any CPU.Build.0 = Debug|Any CPU
		{92DCB293-FEB9-452A-AAA5-A32F898FED6E}.Release|Any CPU.ActiveCfg = Release|Any CPU
		{92DCB293-FEB9-452A-AAA5-A32F898FED6E}.Release|Any CPU.Build.0 = Release|Any CPU
		{2B07DE0A-500A-4B36-A72D-E04EA22039D7}.Debug|Any CPU.ActiveCfg = Debug|Any CPU
		{2B07DE0A-500A-4B36-A72D-E04EA22039D7}.Debug|Any CPU.Build.0 = Debug|Any CPU
		{2B07DE0A-500A-4B36-A72D-E04EA22039D7}.Release|Any CPU.ActiveCfg = Release|Any CPU
		{2B07DE0A-500A-4B36-A72D-E04EA22039D7}.Release|Any CPU.Build.0 = Release|Any CPU
		{44CA9E3D-9D2A-46E8-96AA-F1494CB0BE19}.Debug|Any CPU.ActiveCfg = Debug|Any CPU
		{44CA9E3D-9D2A-46E8-96AA-F1494CB0BE19}.Debug|Any CPU.Build.0 = Debug|Any CPU
		{44CA9E3D-9D2A-46E8-96AA-F1494CB0BE19}.Release|Any CPU.ActiveCfg = Release|Any CPU
		{44CA9E3D-9D2A-46E8-96AA-F1494CB0BE19}.Release|Any CPU.Build.0 = Release|Any CPU
		{76C9FAEB-E7BB-417A-9A24-E25613EC7ED7}.Debug|Any CPU.ActiveCfg = Debug|Any CPU
		{76C9FAEB-E7BB-417A-9A24-E25613EC7ED7}.Debug|Any CPU.Build.0 = Debug|Any CPU
		{76C9FAEB-E7BB-417A-9A24-E25613EC7ED7}.Release|Any CPU.ActiveCfg = Release|Any CPU
		{76C9FAEB-E7BB-417A-9A24-E25613EC7ED7}.Release|Any CPU.Build.0 = Release|Any CPU
		{B530CE55-F2D1-4213-B99B-3FC2CE1808D5}.Debug|Any CPU.ActiveCfg = Debug|Any CPU
		{B530CE55-F2D1-4213-B99B-3FC2CE1808D5}.Debug|Any CPU.Build.0 = Debug|Any CPU
		{B530CE55-F2D1-4213-B99B-3FC2CE1808D5}.Release|Any CPU.ActiveCfg = Release|Any CPU
		{B530CE55-F2D1-4213-B99B-3FC2CE1808D5}.Release|Any CPU.Build.0 = Release|Any CPU
		{6299C92D-7310-4FC1-A3DF-BA5D182A8BF1}.Debug|Any CPU.ActiveCfg = Debug|Any CPU
		{6299C92D-7310-4FC1-A3DF-BA5D182A8BF1}.Debug|Any CPU.Build.0 = Debug|Any CPU
		{6299C92D-7310-4FC1-A3DF-BA5D182A8BF1}.Release|Any CPU.ActiveCfg = Release|Any CPU
		{6299C92D-7310-4FC1-A3DF-BA5D182A8BF1}.Release|Any CPU.Build.0 = Release|Any CPU
		{E78FC6E4-CD27-44F8-B705-7EB18645D625}.Debug|Any CPU.ActiveCfg = Debug|Any CPU
		{E78FC6E4-CD27-44F8-B705-7EB18645D625}.Debug|Any CPU.Build.0 = Debug|Any CPU
		{E78FC6E4-CD27-44F8-B705-7EB18645D625}.Release|Any CPU.ActiveCfg = Release|Any CPU
		{E78FC6E4-CD27-44F8-B705-7EB18645D625}.Release|Any CPU.Build.0 = Release|Any CPU
		{49CD72FF-DD75-4937-9EA5-D9BBD30D2AD4}.Debug|Any CPU.ActiveCfg = Debug|Any CPU
		{49CD72FF-DD75-4937-9EA5-D9BBD30D2AD4}.Debug|Any CPU.Build.0 = Debug|Any CPU
		{49CD72FF-DD75-4937-9EA5-D9BBD30D2AD4}.Release|Any CPU.ActiveCfg = Release|Any CPU
		{49CD72FF-DD75-4937-9EA5-D9BBD30D2AD4}.Release|Any CPU.Build.0 = Release|Any CPU
		{608A13F4-E3A8-4523-A4F9-80C63624244F}.Debug|Any CPU.ActiveCfg = Debug|Any CPU
		{608A13F4-E3A8-4523-A4F9-80C63624244F}.Debug|Any CPU.Build.0 = Debug|Any CPU
		{608A13F4-E3A8-4523-A4F9-80C63624244F}.Release|Any CPU.ActiveCfg = Release|Any CPU
		{608A13F4-E3A8-4523-A4F9-80C63624244F}.Release|Any CPU.Build.0 = Release|Any CPU
		{628E56DC-1636-4191-A0D0-CC1FD6690A50}.Debug|Any CPU.ActiveCfg = Debug|Any CPU
		{628E56DC-1636-4191-A0D0-CC1FD6690A50}.Debug|Any CPU.Build.0 = Debug|Any CPU
		{628E56DC-1636-4191-A0D0-CC1FD6690A50}.Release|Any CPU.ActiveCfg = Release|Any CPU
		{628E56DC-1636-4191-A0D0-CC1FD6690A50}.Release|Any CPU.Build.0 = Release|Any CPU
		{569C7E4E-E878-424A-8FB6-E0FB31E51A0A}.Debug|Any CPU.ActiveCfg = Debug|Any CPU
		{569C7E4E-E878-424A-8FB6-E0FB31E51A0A}.Debug|Any CPU.Build.0 = Debug|Any CPU
		{569C7E4E-E878-424A-8FB6-E0FB31E51A0A}.Release|Any CPU.ActiveCfg = Release|Any CPU
		{569C7E4E-E878-424A-8FB6-E0FB31E51A0A}.Release|Any CPU.Build.0 = Release|Any CPU
		{306DC800-A330-4F60-AA6D-C63CECA890C1}.Debug|Any CPU.ActiveCfg = Debug|Any CPU
		{306DC800-A330-4F60-AA6D-C63CECA890C1}.Debug|Any CPU.Build.0 = Debug|Any CPU
		{306DC800-A330-4F60-AA6D-C63CECA890C1}.Release|Any CPU.ActiveCfg = Release|Any CPU
		{306DC800-A330-4F60-AA6D-C63CECA890C1}.Release|Any CPU.Build.0 = Release|Any CPU
		{86F2D62A-8DD7-4205-B53D-7CA07F3A2F44}.Debug|Any CPU.ActiveCfg = Debug|Any CPU
		{86F2D62A-8DD7-4205-B53D-7CA07F3A2F44}.Debug|Any CPU.Build.0 = Debug|Any CPU
		{86F2D62A-8DD7-4205-B53D-7CA07F3A2F44}.Release|Any CPU.ActiveCfg = Release|Any CPU
		{86F2D62A-8DD7-4205-B53D-7CA07F3A2F44}.Release|Any CPU.Build.0 = Release|Any CPU
		{5E01A251-9203-4544-B76D-13B3F59E1DC4}.Debug|Any CPU.ActiveCfg = Debug|Any CPU
		{5E01A251-9203-4544-B76D-13B3F59E1DC4}.Debug|Any CPU.Build.0 = Debug|Any CPU
		{5E01A251-9203-4544-B76D-13B3F59E1DC4}.Release|Any CPU.ActiveCfg = Release|Any CPU
		{5E01A251-9203-4544-B76D-13B3F59E1DC4}.Release|Any CPU.Build.0 = Release|Any CPU
		{4DE792C5-6CA5-438F-822F-038E446F567F}.Debug|Any CPU.ActiveCfg = Debug|Any CPU
		{4DE792C5-6CA5-438F-822F-038E446F567F}.Debug|Any CPU.Build.0 = Debug|Any CPU
		{4DE792C5-6CA5-438F-822F-038E446F567F}.Release|Any CPU.ActiveCfg = Release|Any CPU
		{4DE792C5-6CA5-438F-822F-038E446F567F}.Release|Any CPU.Build.0 = Release|Any CPU
		{5A21E14E-DBFD-4B15-9F16-4F8C6ECA4E05}.Debug|Any CPU.ActiveCfg = Debug|Any CPU
		{5A21E14E-DBFD-4B15-9F16-4F8C6ECA4E05}.Debug|Any CPU.Build.0 = Debug|Any CPU
		{5A21E14E-DBFD-4B15-9F16-4F8C6ECA4E05}.Release|Any CPU.ActiveCfg = Release|Any CPU
		{5A21E14E-DBFD-4B15-9F16-4F8C6ECA4E05}.Release|Any CPU.Build.0 = Release|Any CPU
		{772FC62B-D49A-4AE9-9005-7AA7EC89EE6E}.Debug|Any CPU.ActiveCfg = Debug|Any CPU
		{772FC62B-D49A-4AE9-9005-7AA7EC89EE6E}.Debug|Any CPU.Build.0 = Debug|Any CPU
		{772FC62B-D49A-4AE9-9005-7AA7EC89EE6E}.Release|Any CPU.ActiveCfg = Release|Any CPU
		{772FC62B-D49A-4AE9-9005-7AA7EC89EE6E}.Release|Any CPU.Build.0 = Release|Any CPU
		{4E90185E-DA7F-423C-8FCD-754D0C0F961A}.Debug|Any CPU.ActiveCfg = Debug|Any CPU
		{4E90185E-DA7F-423C-8FCD-754D0C0F961A}.Debug|Any CPU.Build.0 = Debug|Any CPU
		{4E90185E-DA7F-423C-8FCD-754D0C0F961A}.Release|Any CPU.ActiveCfg = Release|Any CPU
		{4E90185E-DA7F-423C-8FCD-754D0C0F961A}.Release|Any CPU.Build.0 = Release|Any CPU
		{E962FFBD-FB2B-4426-963C-4E4D4B7A87B5}.Debug|Any CPU.ActiveCfg = Debug|Any CPU
		{E962FFBD-FB2B-4426-963C-4E4D4B7A87B5}.Debug|Any CPU.Build.0 = Debug|Any CPU
		{E962FFBD-FB2B-4426-963C-4E4D4B7A87B5}.Release|Any CPU.ActiveCfg = Release|Any CPU
		{E962FFBD-FB2B-4426-963C-4E4D4B7A87B5}.Release|Any CPU.Build.0 = Release|Any CPU
	EndGlobalSection
	GlobalSection(SolutionProperties) = preSolution
		HideSolutionNode = FALSE
	EndGlobalSection
	GlobalSection(NestedProjects) = preSolution
		{EB846909-0A9B-4E72-ABA7-9FD66D4E5BDD} = {8EF09A58-288B-429D-863E-9AF3952C7886}
		{370A6E82-7944-492B-BA9D-72081E32B078} = {8EF09A58-288B-429D-863E-9AF3952C7886}
		{92DCB293-FEB9-452A-AAA5-A32F898FED6E} = {370A6E82-7944-492B-BA9D-72081E32B078}
		{2B07DE0A-500A-4B36-A72D-E04EA22039D7} = {370A6E82-7944-492B-BA9D-72081E32B078}
		{44CA9E3D-9D2A-46E8-96AA-F1494CB0BE19} = {370A6E82-7944-492B-BA9D-72081E32B078}
		{19A85245-EC20-4BC5-BD36-B69586F8AD8F} = {8EF09A58-288B-429D-863E-9AF3952C7886}
		{76C9FAEB-E7BB-417A-9A24-E25613EC7ED7} = {19A85245-EC20-4BC5-BD36-B69586F8AD8F}
		{B530CE55-F2D1-4213-B99B-3FC2CE1808D5} = {19A85245-EC20-4BC5-BD36-B69586F8AD8F}
		{6299C92D-7310-4FC1-A3DF-BA5D182A8BF1} = {19A85245-EC20-4BC5-BD36-B69586F8AD8F}
		{D9B9AA2D-2A29-4D13-AAF9-884CC6D3CE63} = {8EF09A58-288B-429D-863E-9AF3952C7886}
		{E78FC6E4-CD27-44F8-B705-7EB18645D625} = {D9B9AA2D-2A29-4D13-AAF9-884CC6D3CE63}
		{49CD72FF-DD75-4937-9EA5-D9BBD30D2AD4} = {D9B9AA2D-2A29-4D13-AAF9-884CC6D3CE63}
		{7E01CE71-068E-4192-AE42-CFF1FC8F0138} = {8EF09A58-288B-429D-863E-9AF3952C7886}
		{608A13F4-E3A8-4523-A4F9-80C63624244F} = {7E01CE71-068E-4192-AE42-CFF1FC8F0138}
		{628E56DC-1636-4191-A0D0-CC1FD6690A50} = {7E01CE71-068E-4192-AE42-CFF1FC8F0138}
		{5E531A60-F9F0-4F59-81BF-AC107FE918B6} = {8EF09A58-288B-429D-863E-9AF3952C7886}
		{569C7E4E-E878-424A-8FB6-E0FB31E51A0A} = {5E531A60-F9F0-4F59-81BF-AC107FE918B6}
		{25B33EDD-F866-4154-8A8D-4B60D5DF42DB} = {8EF09A58-288B-429D-863E-9AF3952C7886}
		{12EB240C-6C5A-4514-AB60-3002F0A2311D} = {25B33EDD-F866-4154-8A8D-4B60D5DF42DB}
		{306DC800-A330-4F60-AA6D-C63CECA890C1} = {12EB240C-6C5A-4514-AB60-3002F0A2311D}
		{CB0F542E-EA63-42BC-98E0-8AE4EC7E9D48} = {25B33EDD-F866-4154-8A8D-4B60D5DF42DB}
		{86F2D62A-8DD7-4205-B53D-7CA07F3A2F44} = {CB0F542E-EA63-42BC-98E0-8AE4EC7E9D48}
		{5E01A251-9203-4544-B76D-13B3F59E1DC4} = {CB0F542E-EA63-42BC-98E0-8AE4EC7E9D48}
		{4DE792C5-6CA5-438F-822F-038E446F567F} = {CB0F542E-EA63-42BC-98E0-8AE4EC7E9D48}
		{E0B82AFF-14A6-41F3-90CA-6DE24C1AA6CD} = {25B33EDD-F866-4154-8A8D-4B60D5DF42DB}
		{5A21E14E-DBFD-4B15-9F16-4F8C6ECA4E05} = {E0B82AFF-14A6-41F3-90CA-6DE24C1AA6CD}
		{772FC62B-D49A-4AE9-9005-7AA7EC89EE6E} = {E0B82AFF-14A6-41F3-90CA-6DE24C1AA6CD}
		{08BDE742-19EF-401B-AAE3-60105AAE79EC} = {25B33EDD-F866-4154-8A8D-4B60D5DF42DB}
		{4E90185E-DA7F-423C-8FCD-754D0C0F961A} = {08BDE742-19EF-401B-AAE3-60105AAE79EC}
		{770B74A7-6C12-4994-B7B9-88E369521264} = {CB0F542E-EA63-42BC-98E0-8AE4EC7E9D48}
		{E962FFBD-FB2B-4426-963C-4E4D4B7A87B5} = {770B74A7-6C12-4994-B7B9-88E369521264}
	EndGlobalSection
	GlobalSection(ExtensibilityGlobals) = postSolution
		SolutionGuid = {A6793958-FA08-4211-889A-B8F9F096CE2F}
	EndGlobalSection
EndGlobal
